<?xml version="1.0" encoding="utf-8"?>
<Project ToolsVersion="4.0" xmlns="http://schemas.microsoft.com/developer/msbuild/2003">
  <ItemGroup>
    <Filter Include="Source Files">
      <UniqueIdentifier>{4FC737F1-C7A5-4376-A066-2A32D752A2FF}</UniqueIdentifier>
      <Extensions>cpp;c;cc;cxx;def;odl;idl;hpj;bat;asm;asmx</Extensions>
    </Filter>
    <Filter Include="Header Files">
      <UniqueIdentifier>{93995380-89BD-4b04-88EB-625FBE52EBFB}</UniqueIdentifier>
      <Extensions>h;hh;hpp;hxx;hm;inl;inc;xsd</Extensions>
    </Filter>
    <Filter Include="Resource Files">
      <UniqueIdentifier>{67DA6AB6-F800-4c08-8B7A-83BB121AAD01}</UniqueIdentifier>
      <Extensions>rc;ico;cur;bmp;dlg;rc2;rct;bin;rgs;gif;jpg;jpeg;jpe;resx;tiff;tif;png;wav;mfcribbon-ms</Extensions>
    </Filter>
    <Filter Include="Model">
      <UniqueIdentifier>{4b116d14-c4dc-4192-97fe-c560de62d160}</UniqueIdentifier>
    </Filter>
    <Filter Include="Helper">
      <UniqueIdentifier>{1c41e268-2bb1-42e3-934b-a131aedd4551}</UniqueIdentifier>
    </Filter>
    <Filter Include="UI">
      <UniqueIdentifier>{aa7b804f-3916-4136-a99d-0f42189f77c6}</UniqueIdentifier>
    </Filter>
  </ItemGroup>
  <ItemGroup>
    <ClCompile Include="Source.cpp">
      <Filter>Source Files</Filter>
    </ClCompile>
  </ItemGroup>
  <ItemGroup>
    <ClInclude Include="Faktura.h">
      <Filter>Model</Filter>
    </ClInclude>
    <ClInclude Include="Klijent.h">
      <Filter>Model</Filter>
    </ClInclude>
    <ClInclude Include="Proizvod.h">
      <Filter>Model</Filter>
    </ClInclude>
    <ClInclude Include="StavkaFakture.h">
      <Filter>Model</Filter>
    </ClInclude>
    <ClInclude Include="Kolekcija.h">
      <Filter>Helper</Filter>
    </ClInclude>
    <ClInclude Include="Datum.h">
      <Filter>Helper</Filter>
    </ClInclude>
    <ClInclude Include="StoreApp.h">
      <Filter>Model</Filter>
    </ClInclude>
    <ClInclude Include="Izbornik.h">
      <Filter>UI</Filter>
    </ClInclude>
    <ClInclude Include="Odabiri.h">
      <Filter>Helper</Filter>
    </ClInclude>
  </ItemGroup>
</Project>